
Microsoft Visual Studio Solution File, Format Version 12.00
# Visual Studio Version 17
VisualStudioVersion = 17.5.33627.172
MinimumVisualStudioVersion = 10.0.40219.1
Project("{FAE04EC0-301F-11D3-BF4B-00C04F79EFBC}") = "DISETOP", "DISETOP\DISETOP.csproj", "{37CCC2F3-D4B5-4768-8EBA-4101B8A1F313}"
EndProject
Project("{2150E333-8FDC-42A3-9474-1A3956D46DE8}") = "Solution Items", "Solution Items", "{C866A952-4865-4EC9-B24A-F331A5504D57}"
	ProjectSection(SolutionItems) = preProject
		.editorconfig = .editorconfig
	EndProjectSection
EndProject
Global
	GlobalSection(SolutionConfigurationPlatforms) = preSolution
		Debug|Any CPU = Debug|Any CPU
		Release|Any CPU = Release|Any CPU
	EndGlobalSection
	GlobalSection(ProjectConfigurationPlatforms) = postSolution
		{37CCC2F3-D4B5-4768-8EBA-4101B8A1F313}.Debug|Any CPU.ActiveCfg = Debug|Any CPU
		{37CCC2F3-D4B5-4768-8EBA-4101B8A1F313}.Debug|Any CPU.Build.0 = Debug|Any CPU
		{37CCC2F3-D4B5-4768-8EBA-4101B8A1F313}.Release|Any CPU.ActiveCfg = Release|Any CPU
		{37CCC2F3-D4B5-4768-8EBA-4101B8A1F313}.Release|Any CPU.Build.0 = Release|Any CPU
	EndGlobalSection
	GlobalSection(SolutionProperties) = preSolution
		HideSolutionNode = FALSE
	EndGlobalSection
	GlobalSection(ExtensibilityGlobals) = postSolution
		SolutionGuid = {CCB023A7-E0EF-4494-AF13-F20DE816D2EE}
	EndGlobalSection
EndGlobal
